
Microsoft Visual Studio Solution File, Format Version 12.00
# Visual Studio Version 17
VisualStudioVersion = 17.4.33213.308
MinimumVisualStudioVersion = 10.0.40219.1
Project("{FAE04EC0-301F-11D3-BF4B-00C04F79EFBC}") = "SmartTvSystem", "SmartTvSystem\SmartTvSystem.csproj", "{60FCF074-1AC6-45DE-A979-EC454DC7F7FF}"
EndProject
Global
	GlobalSection(SolutionConfigurationPlatforms) = preSolution
		Debug|Any CPU = Debug|Any CPU
		Release|Any CPU = Release|Any CPU
	EndGlobalSection
	GlobalSection(ProjectConfigurationPlatforms) = postSolution
		{60FCF074-1AC6-45DE-A979-EC454DC7F7FF}.Debug|Any CPU.ActiveCfg = Debug|Any CPU
		{60FCF074-1AC6-45DE-A979-EC454DC7F7FF}.Debug|Any CPU.Build.0 = Debug|Any CPU
		{60FCF074-1AC6-45DE-A979-EC454DC7F7FF}.Release|Any CPU.ActiveCfg = Release|Any CPU
		{60FCF074-1AC6-45DE-A979-EC454DC7F7FF}.Release|Any CPU.Build.0 = Release|Any CPU
	EndGlobalSection
	GlobalSection(SolutionProperties) = preSolution
		HideSolutionNode = FALSE
	EndGlobalSection
	GlobalSection(ExtensibilityGlobals) = postSolution
		SolutionGuid = {3DC8F234-F17B-4207-9C4D-033810EF0ED8}
	EndGlobalSection
EndGlobal
